
Microsoft Visual Studio Solution File, Format Version 12.00
# Visual Studio Version 17
VisualStudioVersion = 17.7.34221.43
MinimumVisualStudioVersion = 10.0.40219.1
Project("{FAE04EC0-301F-11D3-BF4B-00C04F79EFBC}") = "HW1", "HW1\HW1.csproj", "{EBD5DED4-ABB9-47BF-A4F0-5FF6364F2252}"
EndProject
Project("{FAE04EC0-301F-11D3-BF4B-00C04F79EFBC}") = "HW2", "HW2\HW2.csproj", "{D8A9FCCE-1C93-4086-BF66-D731DC784A69}"
EndProject
Project("{FAE04EC0-301F-11D3-BF4B-00C04F79EFBC}") = "HW3", "HW3\HW3.csproj", "{81AEA74C-C512-4574-BD35-38D0A9D406D1}"
EndProject
Project("{FAE04EC0-301F-11D3-BF4B-00C04F79EFBC}") = "HW4", "HW4\HW4.csproj", "{BB7FB3BF-E88D-42EC-A63E-04B526EF1BA0}"
EndProject
Global
	GlobalSection(SolutionConfigurationPlatforms) = preSolution
		Debug|Any CPU = Debug|Any CPU
		Release|Any CPU = Release|Any CPU
	EndGlobalSection
	GlobalSection(ProjectConfigurationPlatforms) = postSolution
		{EBD5DED4-ABB9-47BF-A4F0-5FF6364F2252}.Debug|Any CPU.ActiveCfg = Debug|Any CPU
		{EBD5DED4-ABB9-47BF-A4F0-5FF6364F2252}.Debug|Any CPU.Build.0 = Debug|Any CPU
		{EBD5DED4-ABB9-47BF-A4F0-5FF6364F2252}.Release|Any CPU.ActiveCfg = Release|Any CPU
		{EBD5DED4-ABB9-47BF-A4F0-5FF6364F2252}.Release|Any CPU.Build.0 = Release|Any CPU
		{D8A9FCCE-1C93-4086-BF66-D731DC784A69}.Debug|Any CPU.ActiveCfg = Debug|Any CPU
		{D8A9FCCE-1C93-4086-BF66-D731DC784A69}.Debug|Any CPU.Build.0 = Debug|Any CPU
		{D8A9FCCE-1C93-4086-BF66-D731DC784A69}.Release|Any CPU.ActiveCfg = Release|Any CPU
		{D8A9FCCE-1C93-4086-BF66-D731DC784A69}.Release|Any CPU.Build.0 = Release|Any CPU
		{81AEA74C-C512-4574-BD35-38D0A9D406D1}.Debug|Any CPU.ActiveCfg = Debug|Any CPU
		{81AEA74C-C512-4574-BD35-38D0A9D406D1}.Debug|Any CPU.Build.0 = Debug|Any CPU
		{81AEA74C-C512-4574-BD35-38D0A9D406D1}.Release|Any CPU.ActiveCfg = Release|Any CPU
		{81AEA74C-C512-4574-BD35-38D0A9D406D1}.Release|Any CPU.Build.0 = Release|Any CPU
		{BB7FB3BF-E88D-42EC-A63E-04B526EF1BA0}.Debug|Any CPU.ActiveCfg = Debug|Any CPU
		{BB7FB3BF-E88D-42EC-A63E-04B526EF1BA0}.Debug|Any CPU.Build.0 = Debug|Any CPU
		{BB7FB3BF-E88D-42EC-A63E-04B526EF1BA0}.Release|Any CPU.ActiveCfg = Release|Any CPU
		{BB7FB3BF-E88D-42EC-A63E-04B526EF1BA0}.Release|Any CPU.Build.0 = Release|Any CPU
	EndGlobalSection
	GlobalSection(SolutionProperties) = preSolution
		HideSolutionNode = FALSE
	EndGlobalSection
	GlobalSection(ExtensibilityGlobals) = postSolution
		SolutionGuid = {D02EC0C1-6865-4DA7-AAA0-71C975EA48D9}
	EndGlobalSection
EndGlobal
