
Microsoft Visual Studio Solution File, Format Version 12.00
# Visual Studio Version 17
VisualStudioVersion = 17.13.35919.96 d17.13
MinimumVisualStudioVersion = 10.0.40219.1
Project("{FAE04EC0-301F-11D3-BF4B-00C04F79EFBC}") = "OrderManagementSystem_WinForm", "OrderManagementSystem_WinForm\OrderManagementSystem_WinForm.csproj", "{7E7739CD-1F1E-400A-965D-60BED6AD09AE}"
EndProject
Global
	GlobalSection(SolutionConfigurationPlatforms) = preSolution
		Debug|Any CPU = Debug|Any CPU
		Release|Any CPU = Release|Any CPU
	EndGlobalSection
	GlobalSection(ProjectConfigurationPlatforms) = postSolution
		{7E7739CD-1F1E-400A-965D-60BED6AD09AE}.Debug|Any CPU.ActiveCfg = Debug|Any CPU
		{7E7739CD-1F1E-400A-965D-60BED6AD09AE}.Debug|Any CPU.Build.0 = Debug|Any CPU
		{7E7739CD-1F1E-400A-965D-60BED6AD09AE}.Release|Any CPU.ActiveCfg = Release|Any CPU
		{7E7739CD-1F1E-400A-965D-60BED6AD09AE}.Release|Any CPU.Build.0 = Release|Any CPU
	EndGlobalSection
	GlobalSection(SolutionProperties) = preSolution
		HideSolutionNode = FALSE
	EndGlobalSection
	GlobalSection(ExtensibilityGlobals) = postSolution
		SolutionGuid = {9C2154C2-30D4-4F86-A519-D93DB5FF12E4}
	EndGlobalSection
EndGlobal
