
Microsoft Visual Studio Solution File, Format Version 12.00
# Visual Studio Version 17
VisualStudioVersion = 17.13.35919.96 d17.13
MinimumVisualStudioVersion = 10.0.40219.1
Project("{FAE04EC0-301F-11D3-BF4B-00C04F79EFBC}") = "OrderWebAPI", "OrderWebAPI\OrderWebAPI.csproj", "{99BD8F4B-FE90-4457-9657-AF257E053E9C}"
EndProject
Global
	GlobalSection(SolutionConfigurationPlatforms) = preSolution
		Debug|Any CPU = Debug|Any CPU
		Release|Any CPU = Release|Any CPU
	EndGlobalSection
	GlobalSection(ProjectConfigurationPlatforms) = postSolution
		{99BD8F4B-FE90-4457-9657-AF257E053E9C}.Debug|Any CPU.ActiveCfg = Debug|Any CPU
		{99BD8F4B-FE90-4457-9657-AF257E053E9C}.Debug|Any CPU.Build.0 = Debug|Any CPU
		{99BD8F4B-FE90-4457-9657-AF257E053E9C}.Release|Any CPU.ActiveCfg = Release|Any CPU
		{99BD8F4B-FE90-4457-9657-AF257E053E9C}.Release|Any CPU.Build.0 = Release|Any CPU
	EndGlobalSection
	GlobalSection(SolutionProperties) = preSolution
		HideSolutionNode = FALSE
	EndGlobalSection
	GlobalSection(ExtensibilityGlobals) = postSolution
		SolutionGuid = {F23DA60A-FA5F-4BA8-8022-DB2641DDA2EA}
	EndGlobalSection
EndGlobal
